{
  "name": "flow-bug-demo",
  "version": "0.0.1",
  "lockfileVersion": 1,
  "requires": true,
  "dependencies": {
    "flow-bin": {
      "version": "0.101.0",
      "resolved": "https://registry.npmjs.org/flow-bin/-/flow-bin-0.101.0.tgz",
      "integrity": "sha512-2xriPEOSrGQklAArNw1ixoIUiLTWhIquYV26WqnxEu7IcXWgoZUcfJXufG9kIvrNbdwCNd5RBjTwbB0p6L6XaA=="
    }
  }
}
