{
  "name": "flow-bug-demo",
  "version": "0.0.1",
  "lockfileVersion": 1,
  "requires": true,
  "dependencies": {
    "flow-bin": {
      "version": "0.92.0",
      "resolved": "https://registry.npmjs.org/flow-bin/-/flow-bin-0.92.0.tgz",
      "integrity": "sha512-3ErXSAXZZlLV5/QPlaUDCWlDUXop1SiH32ifXL3SEiBwsmGbudCLim+HFVZfkegrn1nB4TcNSkMWtW8SnMPyAQ=="
    }
  }
}
