{
  "name": "flow-bug-demo",
  "version": "0.0.1",
  "lockfileVersion": 1,
  "requires": true,
  "dependencies": {
    "flow-bin": {
      "version": "0.82.0",
      "resolved": "https://registry.npmjs.org/flow-bin/-/flow-bin-0.82.0.tgz",
      "integrity": "sha512-D7ViTCVJSVv19CB6dFWS9k2iKQlavtkRXn9el0ofVTTpGuybe+EPE8DZwdyohzEt6wRhHV8gwkteWvxdcVuOzg=="
    }
  }
}
